{
  "lockfile_version": "1",
  "packages": {
    "ffmpeg@4.4.3": {
      "last_modified": "2023-03-25T16:57:14Z",
      "resolved": "github:NixOS/nixpkgs/c49c81e1f08923bf273871e9d2e88fd7042ae381#ffmpeg",
      "source": "devbox-search",
      "version": "4.4.3",
      "systems": {
        "aarch64-darwin": {
          "outputs": [
            {
              "name": "bin",
              "path": "/nix/store/rglm0hkjja16gnjk1mma2rjwm864p6pg-ffmpeg-4.4.3-bin",
              "default": true
            },
            {
              "name": "man",
              "path": "/nix/store/1ar001ryxyqvqwix019zngsrnav037dv-ffmpeg-4.4.3-man",
              "default": true
            },
            {
              "name": "out",
              "path": "/nix/store/f5ksibksrmv8diwcwz2sj8mji1davdn9-ffmpeg-4.4.3"
            },
            {
              "name": "data",
              "path": "/nix/store/rrxb4jj743hjfs8h6p6h9c3dvi498im9-ffmpeg-4.4.3-data"
            },
            {
              "name": "dev",
              "path": "/nix/store/w3kiwzva98hzp2mglpfbnjsh9f00i7pn-ffmpeg-4.4.3-dev"
            },
            {
              "name": "doc",
              "path": "/nix/store/wbv58z1dvmfkia24grn0p2zy6g6mansy-ffmpeg-4.4.3-doc"
            },
            {
              "name": "lib",
              "path": "/nix/store/b5va2gqxmci1b5z82p6glvmq976783vh-ffmpeg-4.4.3-lib"
            }
          ],
          "store_path": "/nix/store/rglm0hkjja16gnjk1mma2rjwm864p6pg-ffmpeg-4.4.3-bin"
        },
        "aarch64-linux": {
          "outputs": [
            {
              "name": "bin",
              "path": "/nix/store/yki0nqdganga2nvnp48kn7vr2d1px7im-ffmpeg-4.4.3-bin",
              "default": true
            },
            {
              "name": "man",
              "path": "/nix/store/1srk1kcccfki85wq2mlkfjdfvrcid481-ffmpeg-4.4.3-man",
              "default": true
            },
            {
              "name": "lib",
              "path": "/nix/store/zpgf86hvjjwx5hjkjaip59b2pnizlajr-ffmpeg-4.4.3-lib"
            },
            {
              "name": "out",
              "path": "/nix/store/0g6y3ixi7hp3kn431ricssjjqq2z0kx9-ffmpeg-4.4.3"
            },
            {
              "name": "data",
              "path": "/nix/store/rfwizk32n9c3b3fd36s6bpbcwcgky8n2-ffmpeg-4.4.3-data"
            },
            {
              "name": "dev",
              "path": "/nix/store/sj9h6h3jscvghr1x0qb5d3khm8yh4fih-ffmpeg-4.4.3-dev"
            },
            {
              "name": "doc",
              "path": "/nix/store/3i3j0p52irvzrsfaf8qwp2rkfkwwms0v-ffmpeg-4.4.3-doc"
            }
          ],
          "store_path": "/nix/store/yki0nqdganga2nvnp48kn7vr2d1px7im-ffmpeg-4.4.3-bin"
        },
        "x86_64-darwin": {
          "outputs": [
            {
              "name": "bin",
              "path": "/nix/store/jahka3f2h3dhmv51fwv8vbnc2pkp6cl4-ffmpeg-4.4.3-bin",
              "default": true
            },
            {
              "name": "man",
              "path": "/nix/store/d2xl7sfby7l8wjil6zqsr5qrlsr4j7cd-ffmpeg-4.4.3-man",
              "default": true
            },
            {
              "name": "data",
              "path": "/nix/store/k3vvilgj99pw6qrrwp9wxr3nhny2cxh6-ffmpeg-4.4.3-data"
            },
            {
              "name": "dev",
              "path": "/nix/store/0yx1zs8qsmgjizdxban98ix9qnw7vs21-ffmpeg-4.4.3-dev"
            },
            {
              "name": "doc",
              "path": "/nix/store/dmcxgfdj49cyqa667a0x6n78r52q4v4z-ffmpeg-4.4.3-doc"
            },
            {
              "name": "lib",
              "path": "/nix/store/f9yif1mj59vr2h98k29cl7ad4kaylbac-ffmpeg-4.4.3-lib"
            },
            {
              "name": "out",
              "path": "/nix/store/apb9zv6grkwfnxk1mmpfvdyn3gwxbhc4-ffmpeg-4.4.3"
            }
          ],
          "store_path": "/nix/store/jahka3f2h3dhmv51fwv8vbnc2pkp6cl4-ffmpeg-4.4.3-bin"
        },
        "x86_64-linux": {
          "outputs": [
            {
              "name": "bin",
              "path": "/nix/store/f5kl9sj0i07p0rvvnws9j3sj811iky2b-ffmpeg-4.4.3-bin",
              "default": true
            },
            {
              "name": "man",
              "path": "/nix/store/c3qa1yiz934rx9g7wsdki280ibhvrbaw-ffmpeg-4.4.3-man",
              "default": true
            },
            {
              "name": "lib",
              "path": "/nix/store/y99qzpi53cf8p6allary1nad3jrjh158-ffmpeg-4.4.3-lib"
            },
            {
              "name": "out",
              "path": "/nix/store/yfbv3lrwy0vl4lkvm2q4nkw94ppvavbq-ffmpeg-4.4.3"
            },
            {
              "name": "data",
              "path": "/nix/store/375ckz2xr1fy4zzdnbfjpn06l452a0bp-ffmpeg-4.4.3-data"
            },
            {
              "name": "dev",
              "path": "/nix/store/x41zw16c6lgrrnxg1309irgicnkb8fsf-ffmpeg-4.4.3-dev"
            },
            {
              "name": "doc",
              "path": "/nix/store/8lsg0wpxgl3ihw4p4nsgm21lk83myv9x-ffmpeg-4.4.3-doc"
            }
          ],
          "store_path": "/nix/store/f5kl9sj0i07p0rvvnws9j3sj811iky2b-ffmpeg-4.4.3-bin"
        }
      }
    },
    "github:NixOS/nixpkgs/nixpkgs-unstable": {
      "last_modified": "2026-02-11T21:01:36Z",
      "resolved": "github:NixOS/nixpkgs/2343bbb58f99267223bc2aac4fc9ea301a155a16?lastModified=1770843696"
    },
    "nodejs@22": {
      "last_modified": "2026-02-04T01:49:30Z",
      "plugin_version": "0.0.4",
      "resolved": "github:NixOS/nixpkgs/aa290c9891fa4ebe88f8889e59633d20cc06a5f2#nodejs_22",
      "source": "devbox-search",
      "version": "22.22.0",
      "systems": {
        "aarch64-darwin": {
          "outputs": [
            {
              "name": "out",
              "path": "/nix/store/zphm4748w514z6p9g073f673sjl338gm-nodejs-22.22.0",
              "default": true
            },
            {
              "name": "dev",
              "path": "/nix/store/pp6k9i2dpr8rimfl5dhrpm8y2384g8l3-nodejs-22.22.0-dev"
            },
            {
              "name": "libv8",
              "path": "/nix/store/f5mnrbcj44qx8pb0xj9g71cb0ffxrmd0-nodejs-22.22.0-libv8"
            }
          ],
          "store_path": "/nix/store/zphm4748w514z6p9g073f673sjl338gm-nodejs-22.22.0"
        },
        "aarch64-linux": {
          "outputs": [
            {
              "name": "out",
              "path": "/nix/store/2hzivwi1fq7gyn42nxf1299ydza2qvqq-nodejs-22.22.0",
              "default": true
            },
            {
              "name": "libv8",
              "path": "/nix/store/xl8f6lq0p5lf1dixhd9rhxzkvx4lzpzl-nodejs-22.22.0-libv8"
            },
            {
              "name": "dev",
              "path": "/nix/store/4m4b63ix1kljgcap8zhbpiy4xvg90n1r-nodejs-22.22.0-dev"
            }
          ],
          "store_path": "/nix/store/2hzivwi1fq7gyn42nxf1299ydza2qvqq-nodejs-22.22.0"
        },
        "x86_64-darwin": {
          "outputs": [
            {
              "name": "out",
              "path": "/nix/store/2jw64xbn385nrg0dkinyxy1dk57zib21-nodejs-22.22.0",
              "default": true
            },
            {
              "name": "libv8",
              "path": "/nix/store/q81bvbbawxkm3kb741x4wmxvyyxd8w51-nodejs-22.22.0-libv8"
            },
            {
              "name": "dev",
              "path": "/nix/store/vaq9lp4bchqhvfbfjws5rx2qwx6m57pn-nodejs-22.22.0-dev"
            }
          ],
          "store_path": "/nix/store/2jw64xbn385nrg0dkinyxy1dk57zib21-nodejs-22.22.0"
        },
        "x86_64-linux": {
          "outputs": [
            {
              "name": "out",
              "path": "/nix/store/cv3yxgf7zp70wk8d8lg5zi84lg35nyxs-nodejs-22.22.0",
              "default": true
            },
            {
              "name": "dev",
              "path": "/nix/store/azkh9xkfaphcs7cj5l43rh4a92zjc510-nodejs-22.22.0-dev"
            },
            {
              "name": "libv8",
              "path": "/nix/store/vzddff6gppvny62qsvr1sgqq629laz12-nodejs-22.22.0-libv8"
            }
          ],
          "store_path": "/nix/store/cv3yxgf7zp70wk8d8lg5zi84lg35nyxs-nodejs-22.22.0"
        }
      }
    },
    "pnpm@latest": {
      "last_modified": "2026-01-23T17:20:52Z",
      "resolved": "github:NixOS/nixpkgs/a1bab9e494f5f4939442a57a58d0449a109593fe#pnpm",
      "source": "devbox-search",
      "version": "10.28.0",
      "systems": {
        "aarch64-darwin": {
          "outputs": [
            {
              "name": "out",
              "path": "/nix/store/a0i7dm3y1pdkpjc2p0lj2868iqw1cph2-pnpm-10.28.0",
              "default": true
            }
          ],
          "store_path": "/nix/store/a0i7dm3y1pdkpjc2p0lj2868iqw1cph2-pnpm-10.28.0"
        },
        "aarch64-linux": {
          "outputs": [
            {
              "name": "out",
              "path": "/nix/store/xgw9y80p9y0m5dq0qrnwwxi7fs69gm54-pnpm-10.28.0",
              "default": true
            }
          ],
          "store_path": "/nix/store/xgw9y80p9y0m5dq0qrnwwxi7fs69gm54-pnpm-10.28.0"
        },
        "x86_64-darwin": {
          "outputs": [
            {
              "name": "out",
              "path": "/nix/store/dj5b9z76cs1055rp0m8r53n5md1ismab-pnpm-10.28.0",
              "default": true
            }
          ],
          "store_path": "/nix/store/dj5b9z76cs1055rp0m8r53n5md1ismab-pnpm-10.28.0"
        },
        "x86_64-linux": {
          "outputs": [
            {
              "name": "out",
              "path": "/nix/store/q182xhmnqzff17cdg90hcp44ljgvqqr7-pnpm-10.28.0",
              "default": true
            }
          ],
          "store_path": "/nix/store/q182xhmnqzff17cdg90hcp44ljgvqqr7-pnpm-10.28.0"
        }
      }
    }
  }
}
