{
  "lockfile_version": "1",
  "packages": {
    "ffmpeg@latest": {
      "last_modified": "2026-02-24T00:13:24Z",
      "resolved": "github:NixOS/nixpkgs/5e4522be6bdf1600682a6f383434b057b2d77a37#ffmpeg",
      "source": "devbox-search",
      "version": "8.0.1",
      "systems": {
        "aarch64-darwin": {
          "outputs": [
            {
              "name": "bin",
              "path": "/nix/store/gsf1pp1adl85hp7ipmidhjqbagvq0png-ffmpeg-8.0.1-bin",
              "default": true
            },
            {
              "name": "man",
              "path": "/nix/store/fn0a6hgagk0js8b4259a0dkyymzs1wb8-ffmpeg-8.0.1-man",
              "default": true
            },
            {
              "name": "out",
              "path": "/nix/store/igc98v40aj5a0xpky9ggawv46q14i877-ffmpeg-8.0.1"
            },
            {
              "name": "data",
              "path": "/nix/store/ysqws8ykk5h3fn7lxihydfjycvawg7xi-ffmpeg-8.0.1-data"
            },
            {
              "name": "dev",
              "path": "/nix/store/6q3v45bzzx1mnfb4n5vqhdch9nx1f3ka-ffmpeg-8.0.1-dev"
            },
            {
              "name": "doc",
              "path": "/nix/store/9vlvf2j8b5n9kwkj0v34j68dgbrzfy1d-ffmpeg-8.0.1-doc"
            },
            {
              "name": "lib",
              "path": "/nix/store/a2x3nzflq6jjd25z7r2wkjqkr47b5a63-ffmpeg-8.0.1-lib"
            }
          ],
          "store_path": "/nix/store/gsf1pp1adl85hp7ipmidhjqbagvq0png-ffmpeg-8.0.1-bin"
        },
        "aarch64-linux": {
          "outputs": [
            {
              "name": "bin",
              "path": "/nix/store/fiw7hdrs41bas61y1ysnypgssr783hpp-ffmpeg-8.0.1-bin",
              "default": true
            },
            {
              "name": "man",
              "path": "/nix/store/fy3b4lvyc7nybrdzsbbd78aww18cszdm-ffmpeg-8.0.1-man",
              "default": true
            },
            {
              "name": "out",
              "path": "/nix/store/8jzwk7a666pxd5zw46577x5zh9hzxdjm-ffmpeg-8.0.1"
            },
            {
              "name": "data",
              "path": "/nix/store/d2qkw0fpxw3yvd5wak8bjzahhvnxyypv-ffmpeg-8.0.1-data"
            },
            {
              "name": "dev",
              "path": "/nix/store/nw2clv9pm1d9bmbq1lp5kfhkzgfy46hl-ffmpeg-8.0.1-dev"
            },
            {
              "name": "doc",
              "path": "/nix/store/d06y46gc118gfqzsv0sd4vqr8mbfxvv4-ffmpeg-8.0.1-doc"
            },
            {
              "name": "lib",
              "path": "/nix/store/r9qx2sflvmvxk9vlixvgbn0d8lzlk9lq-ffmpeg-8.0.1-lib"
            }
          ],
          "store_path": "/nix/store/fiw7hdrs41bas61y1ysnypgssr783hpp-ffmpeg-8.0.1-bin"
        },
        "x86_64-darwin": {
          "outputs": [
            {
              "name": "bin",
              "path": "/nix/store/qfk4hbdnlw4k393lxv077fm72wchqf2v-ffmpeg-8.0.1-bin",
              "default": true
            },
            {
              "name": "man",
              "path": "/nix/store/q0vh2nr09njl2swfjp0x706i4c3fxdrw-ffmpeg-8.0.1-man",
              "default": true
            },
            {
              "name": "lib",
              "path": "/nix/store/s6rjgsb76x6xakhsz2qmnnp71jrgkhlz-ffmpeg-8.0.1-lib"
            },
            {
              "name": "out",
              "path": "/nix/store/5qv2srn5snrqvma31fqbc179hjlhd4lw-ffmpeg-8.0.1"
            },
            {
              "name": "data",
              "path": "/nix/store/82mfcgahg08r8zai9iymqfzn4p29vpm1-ffmpeg-8.0.1-data"
            },
            {
              "name": "dev",
              "path": "/nix/store/0sfsmiw0wdpj3nxp9byfbd6964n2fmvb-ffmpeg-8.0.1-dev"
            },
            {
              "name": "doc",
              "path": "/nix/store/nb7hswwp544vq9nx8fvcs5h91r69v5xn-ffmpeg-8.0.1-doc"
            }
          ],
          "store_path": "/nix/store/qfk4hbdnlw4k393lxv077fm72wchqf2v-ffmpeg-8.0.1-bin"
        },
        "x86_64-linux": {
          "outputs": [
            {
              "name": "bin",
              "path": "/nix/store/hqdqynn0caylvl4rr86mvyqjky1pf1xa-ffmpeg-8.0.1-bin",
              "default": true
            },
            {
              "name": "man",
              "path": "/nix/store/fx5dsnm0csw2lxqx2751n4crlk7wvz3a-ffmpeg-8.0.1-man",
              "default": true
            },
            {
              "name": "doc",
              "path": "/nix/store/yj73qf8759chwpibxnww163c390jjclb-ffmpeg-8.0.1-doc"
            },
            {
              "name": "lib",
              "path": "/nix/store/8x2msxrm9yb8ycz9pi1pi8wz5zs9gy64-ffmpeg-8.0.1-lib"
            },
            {
              "name": "out",
              "path": "/nix/store/x8ab08x7dfp06mm2748yn0kfx0wkcz3n-ffmpeg-8.0.1"
            },
            {
              "name": "data",
              "path": "/nix/store/3x0j2afa0rjdcr6i2sda0230hgh228pm-ffmpeg-8.0.1-data"
            },
            {
              "name": "dev",
              "path": "/nix/store/11ahw94k3251d6x4cj30q3jqz41m1ibg-ffmpeg-8.0.1-dev"
            }
          ],
          "store_path": "/nix/store/hqdqynn0caylvl4rr86mvyqjky1pf1xa-ffmpeg-8.0.1-bin"
        }
      }
    },
    "github:NixOS/nixpkgs/nixpkgs-unstable": {
      "last_modified": "2026-02-11T21:01:36Z",
      "resolved": "github:NixOS/nixpkgs/2343bbb58f99267223bc2aac4fc9ea301a155a16?lastModified=1770843696"
    },
    "nodejs@22": {
      "last_modified": "2026-02-04T01:49:30Z",
      "plugin_version": "0.0.2",
      "resolved": "github:NixOS/nixpkgs/aa290c9891fa4ebe88f8889e59633d20cc06a5f2#nodejs_22",
      "source": "devbox-search",
      "version": "22.22.0",
      "systems": {
        "aarch64-darwin": {
          "outputs": [
            {
              "name": "out",
              "path": "/nix/store/zphm4748w514z6p9g073f673sjl338gm-nodejs-22.22.0",
              "default": true
            },
            {
              "name": "dev",
              "path": "/nix/store/pp6k9i2dpr8rimfl5dhrpm8y2384g8l3-nodejs-22.22.0-dev"
            },
            {
              "name": "libv8",
              "path": "/nix/store/f5mnrbcj44qx8pb0xj9g71cb0ffxrmd0-nodejs-22.22.0-libv8"
            }
          ],
          "store_path": "/nix/store/zphm4748w514z6p9g073f673sjl338gm-nodejs-22.22.0"
        },
        "aarch64-linux": {
          "outputs": [
            {
              "name": "out",
              "path": "/nix/store/2hzivwi1fq7gyn42nxf1299ydza2qvqq-nodejs-22.22.0",
              "default": true
            },
            {
              "name": "libv8",
              "path": "/nix/store/xl8f6lq0p5lf1dixhd9rhxzkvx4lzpzl-nodejs-22.22.0-libv8"
            },
            {
              "name": "dev",
              "path": "/nix/store/4m4b63ix1kljgcap8zhbpiy4xvg90n1r-nodejs-22.22.0-dev"
            }
          ],
          "store_path": "/nix/store/2hzivwi1fq7gyn42nxf1299ydza2qvqq-nodejs-22.22.0"
        },
        "x86_64-darwin": {
          "outputs": [
            {
              "name": "out",
              "path": "/nix/store/2jw64xbn385nrg0dkinyxy1dk57zib21-nodejs-22.22.0",
              "default": true
            },
            {
              "name": "libv8",
              "path": "/nix/store/q81bvbbawxkm3kb741x4wmxvyyxd8w51-nodejs-22.22.0-libv8"
            },
            {
              "name": "dev",
              "path": "/nix/store/vaq9lp4bchqhvfbfjws5rx2qwx6m57pn-nodejs-22.22.0-dev"
            }
          ],
          "store_path": "/nix/store/2jw64xbn385nrg0dkinyxy1dk57zib21-nodejs-22.22.0"
        },
        "x86_64-linux": {
          "outputs": [
            {
              "name": "out",
              "path": "/nix/store/cv3yxgf7zp70wk8d8lg5zi84lg35nyxs-nodejs-22.22.0",
              "default": true
            },
            {
              "name": "dev",
              "path": "/nix/store/azkh9xkfaphcs7cj5l43rh4a92zjc510-nodejs-22.22.0-dev"
            },
            {
              "name": "libv8",
              "path": "/nix/store/vzddff6gppvny62qsvr1sgqq629laz12-nodejs-22.22.0-libv8"
            }
          ],
          "store_path": "/nix/store/cv3yxgf7zp70wk8d8lg5zi84lg35nyxs-nodejs-22.22.0"
        }
      }
    },
    "pnpm@latest": {
      "last_modified": "2026-01-23T17:20:52Z",
      "resolved": "github:NixOS/nixpkgs/a1bab9e494f5f4939442a57a58d0449a109593fe#pnpm",
      "source": "devbox-search",
      "version": "10.28.0",
      "systems": {
        "aarch64-darwin": {
          "outputs": [
            {
              "name": "out",
              "path": "/nix/store/a0i7dm3y1pdkpjc2p0lj2868iqw1cph2-pnpm-10.28.0",
              "default": true
            }
          ],
          "store_path": "/nix/store/a0i7dm3y1pdkpjc2p0lj2868iqw1cph2-pnpm-10.28.0"
        },
        "aarch64-linux": {
          "outputs": [
            {
              "name": "out",
              "path": "/nix/store/xgw9y80p9y0m5dq0qrnwwxi7fs69gm54-pnpm-10.28.0",
              "default": true
            }
          ],
          "store_path": "/nix/store/xgw9y80p9y0m5dq0qrnwwxi7fs69gm54-pnpm-10.28.0"
        },
        "x86_64-darwin": {
          "outputs": [
            {
              "name": "out",
              "path": "/nix/store/dj5b9z76cs1055rp0m8r53n5md1ismab-pnpm-10.28.0",
              "default": true
            }
          ],
          "store_path": "/nix/store/dj5b9z76cs1055rp0m8r53n5md1ismab-pnpm-10.28.0"
        },
        "x86_64-linux": {
          "outputs": [
            {
              "name": "out",
              "path": "/nix/store/q182xhmnqzff17cdg90hcp44ljgvqqr7-pnpm-10.28.0",
              "default": true
            }
          ],
          "store_path": "/nix/store/q182xhmnqzff17cdg90hcp44ljgvqqr7-pnpm-10.28.0"
        }
      }
    }
  }
}
